
Microsoft Visual Studio Solution File, Format Version 12.00
# Visual Studio Version 17
VisualStudioVersion = 17.2.32616.157
MinimumVisualStudioVersion = 10.0.40219.1
Project("{9A19103F-16F7-4668-BE54-9A1E7A4F7556}") = "CreateNotbookSystem.Interface", "CreateNotbookSystem.Interface\CreateNotbookSystem.Interface.csproj", "{24C3CEFC-7ED2-48FD-8236-CE2257E76EBA}"
EndProject
Project("{9A19103F-16F7-4668-BE54-9A1E7A4F7556}") = "CreateNotbookSystem.NavigationBar", "CreateNotbookSystem.NavigationBar\CreateNotbookSystem.NavigationBar.csproj", "{09F0564F-9E7F-4415-B77E-C53BE1E7517B}"
EndProject
Project("{9A19103F-16F7-4668-BE54-9A1E7A4F7556}") = "CreateNotbookSystem.CustomControl", "CreateNotbookSystem.CustomControl\CreateNotbookSystem.CustomControl.csproj", "{C0E3BBB4-A6C6-4EEC-A1BB-7407FB0B6519}"
EndProject
Project("{9A19103F-16F7-4668-BE54-9A1E7A4F7556}") = "CreateNotbookSystem.Common", "CreateNotbookSystem.Common\CreateNotbookSystem.Common.csproj", "{C64D5CF9-0E17-4DD6-917F-444860AE78F5}"
EndProject
Project("{9A19103F-16F7-4668-BE54-9A1E7A4F7556}") = "CreateNotbookSystem.App", "CreateNotbookSystem.App\CreateNotbookSystem.App.csproj", "{1B93A0A0-008C-4191-8763-86AC05EC1DAF}"
EndProject
Global
	GlobalSection(SolutionConfigurationPlatforms) = preSolution
		Debug|Any CPU = Debug|Any CPU
		Release|Any CPU = Release|Any CPU
	EndGlobalSection
	GlobalSection(ProjectConfigurationPlatforms) = postSolution
		{24C3CEFC-7ED2-48FD-8236-CE2257E76EBA}.Debug|Any CPU.ActiveCfg = Debug|Any CPU
		{24C3CEFC-7ED2-48FD-8236-CE2257E76EBA}.Debug|Any CPU.Build.0 = Debug|Any CPU
		{24C3CEFC-7ED2-48FD-8236-CE2257E76EBA}.Release|Any CPU.ActiveCfg = Release|Any CPU
		{24C3CEFC-7ED2-48FD-8236-CE2257E76EBA}.Release|Any CPU.Build.0 = Release|Any CPU
		{09F0564F-9E7F-4415-B77E-C53BE1E7517B}.Debug|Any CPU.ActiveCfg = Debug|Any CPU
		{09F0564F-9E7F-4415-B77E-C53BE1E7517B}.Debug|Any CPU.Build.0 = Debug|Any CPU
		{09F0564F-9E7F-4415-B77E-C53BE1E7517B}.Release|Any CPU.ActiveCfg = Release|Any CPU
		{09F0564F-9E7F-4415-B77E-C53BE1E7517B}.Release|Any CPU.Build.0 = Release|Any CPU
		{C0E3BBB4-A6C6-4EEC-A1BB-7407FB0B6519}.Debug|Any CPU.ActiveCfg = Debug|Any CPU
		{C0E3BBB4-A6C6-4EEC-A1BB-7407FB0B6519}.Debug|Any CPU.Build.0 = Debug|Any CPU
		{C0E3BBB4-A6C6-4EEC-A1BB-7407FB0B6519}.Release|Any CPU.ActiveCfg = Release|Any CPU
		{C0E3BBB4-A6C6-4EEC-A1BB-7407FB0B6519}.Release|Any CPU.Build.0 = Release|Any CPU
		{C64D5CF9-0E17-4DD6-917F-444860AE78F5}.Debug|Any CPU.ActiveCfg = Debug|Any CPU
		{C64D5CF9-0E17-4DD6-917F-444860AE78F5}.Debug|Any CPU.Build.0 = Debug|Any CPU
		{C64D5CF9-0E17-4DD6-917F-444860AE78F5}.Release|Any CPU.ActiveCfg = Release|Any CPU
		{C64D5CF9-0E17-4DD6-917F-444860AE78F5}.Release|Any CPU.Build.0 = Release|Any CPU
		{1B93A0A0-008C-4191-8763-86AC05EC1DAF}.Debug|Any CPU.ActiveCfg = Debug|Any CPU
		{1B93A0A0-008C-4191-8763-86AC05EC1DAF}.Debug|Any CPU.Build.0 = Debug|Any CPU
		{1B93A0A0-008C-4191-8763-86AC05EC1DAF}.Release|Any CPU.ActiveCfg = Release|Any CPU
		{1B93A0A0-008C-4191-8763-86AC05EC1DAF}.Release|Any CPU.Build.0 = Release|Any CPU
	EndGlobalSection
	GlobalSection(SolutionProperties) = preSolution
		HideSolutionNode = FALSE
	EndGlobalSection
	GlobalSection(ExtensibilityGlobals) = postSolution
		SolutionGuid = {BE168041-D766-4DFA-AF50-D32D16EF37C0}
	EndGlobalSection
EndGlobal
